
Microsoft Visual Studio Solution File, Format Version 12.00
# Visual Studio 15
Project("{FAE04EC0-301F-11D3-BF4B-00C04F79EFBC}") = "Assembly-CSharp", "Assembly-CSharp.csproj", "{C5F335E2-C474-6292-3DDD-443BA4A32247}"
EndProject
Project("{FAE04EC0-301F-11D3-BF4B-00C04F79EFBC}") = "Assembly-CSharp-Editor", "Assembly-CSharp-Editor.csproj", "{D9D1A5A0-604A-3D6F-BEA3-489FE1900F50}"
EndProject
Global
	GlobalSection(SolutionConfigurationPlatforms) = preSolution
		Debug|Any CPU = Debug|Any CPU
		Release|Any CPU = Release|Any CPU
	EndGlobalSection
	GlobalSection(ProjectConfigurationPlatforms) = postSolution
		{C5F335E2-C474-6292-3DDD-443BA4A32247}.Debug|Any CPU.ActiveCfg = Debug|Any CPU
		{C5F335E2-C474-6292-3DDD-443BA4A32247}.Debug|Any CPU.Build.0 = Debug|Any CPU
		{C5F335E2-C474-6292-3DDD-443BA4A32247}.Release|Any CPU.ActiveCfg = Release|Any CPU
		{C5F335E2-C474-6292-3DDD-443BA4A32247}.Release|Any CPU.Build.0 = Release|Any CPU
		{D9D1A5A0-604A-3D6F-BEA3-489FE1900F50}.Debug|Any CPU.ActiveCfg = Debug|Any CPU
		{D9D1A5A0-604A-3D6F-BEA3-489FE1900F50}.Debug|Any CPU.Build.0 = Debug|Any CPU
		{D9D1A5A0-604A-3D6F-BEA3-489FE1900F50}.Release|Any CPU.ActiveCfg = Release|Any CPU
		{D9D1A5A0-604A-3D6F-BEA3-489FE1900F50}.Release|Any CPU.Build.0 = Release|Any CPU
	EndGlobalSection
	GlobalSection(SolutionProperties) = preSolution
		HideSolutionNode = FALSE
	EndGlobalSection
EndGlobal
